
Microsoft Visual Studio Solution File, Format Version 12.00
# Visual Studio Version 17
VisualStudioVersion = 17.0.31903.59
MinimumVisualStudioVersion = 10.0.40219.1
Project("{FAE04EC0-301F-11D3-BF4B-00C04F79EFBC}") = "NumberRandomizer", "NumberRandomizer.csproj", "{7C8F63DC-6887-4B39-8679-7316067F1C02}"
EndProject
Project("{FAE04EC0-301F-11D3-BF4B-00C04F79EFBC}") = "NumberRandomizerTests", "NumberRandomizerTests\NumberRandomizerTests.csproj", "{19D21DCD-7F05-4CA3-A0C0-82165D1D9144}"
EndProject
Global
	GlobalSection(SolutionConfigurationPlatforms) = preSolution
		Debug|Any CPU = Debug|Any CPU
		Release|Any CPU = Release|Any CPU
	EndGlobalSection
	GlobalSection(SolutionProperties) = preSolution
		HideSolutionNode = FALSE
	EndGlobalSection
	GlobalSection(ProjectConfigurationPlatforms) = postSolution
		{7C8F63DC-6887-4B39-8679-7316067F1C02}.Debug|Any CPU.ActiveCfg = Debug|Any CPU
		{7C8F63DC-6887-4B39-8679-7316067F1C02}.Debug|Any CPU.Build.0 = Debug|Any CPU
		{7C8F63DC-6887-4B39-8679-7316067F1C02}.Release|Any CPU.ActiveCfg = Release|Any CPU
		{7C8F63DC-6887-4B39-8679-7316067F1C02}.Release|Any CPU.Build.0 = Release|Any CPU
		{19D21DCD-7F05-4CA3-A0C0-82165D1D9144}.Debug|Any CPU.ActiveCfg = Debug|Any CPU
		{19D21DCD-7F05-4CA3-A0C0-82165D1D9144}.Debug|Any CPU.Build.0 = Debug|Any CPU
		{19D21DCD-7F05-4CA3-A0C0-82165D1D9144}.Release|Any CPU.ActiveCfg = Release|Any CPU
		{19D21DCD-7F05-4CA3-A0C0-82165D1D9144}.Release|Any CPU.Build.0 = Release|Any CPU
	EndGlobalSection
EndGlobal
